
Microsoft Visual Studio Solution File, Format Version 12.00
# Visual Studio 15
VisualStudioVersion = 15.0.28307.329
MinimumVisualStudioVersion = 10.0.40219.1
Project("{FAE04EC0-301F-11D3-BF4B-00C04F79EFBC}") = "les_1_hw", "les_1_hw\les_1_hw.csproj", "{299A2B26-060B-43B3-9D36-857F588BA7DE}"
EndProject
Project("{FAE04EC0-301F-11D3-BF4B-00C04F79EFBC}") = "les_1_hw_2", "les_1_hw_2\les_1_hw_2.csproj", "{2D84CF76-52C2-4092-BACF-753A413F3DBC}"
EndProject
Project("{FAE04EC0-301F-11D3-BF4B-00C04F79EFBC}") = "les_1_hw_3", "les_1_hw_3\les_1_hw_3.csproj", "{52EBC7AD-54B2-4D7D-972C-943D59CC4496}"
EndProject
Project("{FAE04EC0-301F-11D3-BF4B-00C04F79EFBC}") = "les_1_hw_4", "les_1_hw_4\les_1_hw_4.csproj", "{EB1E168E-6545-4B4F-975E-07A45667116C}"
EndProject
Project("{FAE04EC0-301F-11D3-BF4B-00C04F79EFBC}") = "les_1_hw_5", "les_1_hw_5\les_1_hw_5.csproj", "{DD492DFC-8F57-4D15-8DCA-4922179230AF}"
EndProject
Global
	GlobalSection(SolutionConfigurationPlatforms) = preSolution
		Debug|Any CPU = Debug|Any CPU
		Release|Any CPU = Release|Any CPU
	EndGlobalSection
	GlobalSection(ProjectConfigurationPlatforms) = postSolution
		{299A2B26-060B-43B3-9D36-857F588BA7DE}.Debug|Any CPU.ActiveCfg = Debug|Any CPU
		{299A2B26-060B-43B3-9D36-857F588BA7DE}.Debug|Any CPU.Build.0 = Debug|Any CPU
		{299A2B26-060B-43B3-9D36-857F588BA7DE}.Release|Any CPU.ActiveCfg = Release|Any CPU
		{299A2B26-060B-43B3-9D36-857F588BA7DE}.Release|Any CPU.Build.0 = Release|Any CPU
		{2D84CF76-52C2-4092-BACF-753A413F3DBC}.Debug|Any CPU.ActiveCfg = Debug|Any CPU
		{2D84CF76-52C2-4092-BACF-753A413F3DBC}.Debug|Any CPU.Build.0 = Debug|Any CPU
		{2D84CF76-52C2-4092-BACF-753A413F3DBC}.Release|Any CPU.ActiveCfg = Release|Any CPU
		{2D84CF76-52C2-4092-BACF-753A413F3DBC}.Release|Any CPU.Build.0 = Release|Any CPU
		{52EBC7AD-54B2-4D7D-972C-943D59CC4496}.Debug|Any CPU.ActiveCfg = Debug|Any CPU
		{52EBC7AD-54B2-4D7D-972C-943D59CC4496}.Debug|Any CPU.Build.0 = Debug|Any CPU
		{52EBC7AD-54B2-4D7D-972C-943D59CC4496}.Release|Any CPU.ActiveCfg = Release|Any CPU
		{52EBC7AD-54B2-4D7D-972C-943D59CC4496}.Release|Any CPU.Build.0 = Release|Any CPU
		{EB1E168E-6545-4B4F-975E-07A45667116C}.Debug|Any CPU.ActiveCfg = Debug|Any CPU
		{EB1E168E-6545-4B4F-975E-07A45667116C}.Debug|Any CPU.Build.0 = Debug|Any CPU
		{EB1E168E-6545-4B4F-975E-07A45667116C}.Release|Any CPU.ActiveCfg = Release|Any CPU
		{EB1E168E-6545-4B4F-975E-07A45667116C}.Release|Any CPU.Build.0 = Release|Any CPU
		{DD492DFC-8F57-4D15-8DCA-4922179230AF}.Debug|Any CPU.ActiveCfg = Debug|Any CPU
		{DD492DFC-8F57-4D15-8DCA-4922179230AF}.Debug|Any CPU.Build.0 = Debug|Any CPU
		{DD492DFC-8F57-4D15-8DCA-4922179230AF}.Release|Any CPU.ActiveCfg = Release|Any CPU
		{DD492DFC-8F57-4D15-8DCA-4922179230AF}.Release|Any CPU.Build.0 = Release|Any CPU
	EndGlobalSection
	GlobalSection(SolutionProperties) = preSolution
		HideSolutionNode = FALSE
	EndGlobalSection
	GlobalSection(ExtensibilityGlobals) = postSolution
		SolutionGuid = {570C2478-154E-4E9A-80AB-C80F9560C9D6}
	EndGlobalSection
EndGlobal
